
Microsoft Visual Studio Solution File, Format Version 12.00
# Visual Studio 2012
Project("{FAE04EC0-301F-11D3-BF4B-00C04F79EFBC}") = "Leer Cadena y Comparar", "Leer Cadena y Comparar\Leer Cadena y Comparar.csproj", "{5CD56320-9108-423C-A554-DC212989B1FF}"
EndProject
Global
	GlobalSection(SolutionConfigurationPlatforms) = preSolution
		Debug|Any CPU = Debug|Any CPU
		Release|Any CPU = Release|Any CPU
	EndGlobalSection
	GlobalSection(ProjectConfigurationPlatforms) = postSolution
		{5CD56320-9108-423C-A554-DC212989B1FF}.Debug|Any CPU.ActiveCfg = Debug|Any CPU
		{5CD56320-9108-423C-A554-DC212989B1FF}.Debug|Any CPU.Build.0 = Debug|Any CPU
		{5CD56320-9108-423C-A554-DC212989B1FF}.Release|Any CPU.ActiveCfg = Release|Any CPU
		{5CD56320-9108-423C-A554-DC212989B1FF}.Release|Any CPU.Build.0 = Release|Any CPU
	EndGlobalSection
	GlobalSection(SolutionProperties) = preSolution
		HideSolutionNode = FALSE
	EndGlobalSection
EndGlobal
